# This file is automatically @generated by Cargo.
# It is not intended for manual editing.
version = 4

[[package]]
name = "bb10-sdl"
version = "0.1.0"

[[package]]
name = "bbui-core"
version = "0.1.0"

[[package]]
name = "wgd-console"
version = "1.0.0"
dependencies = [
 "bb10-sdl",
 "bbui-core",
]
